
Microsoft Visual Studio Solution File, Format Version 12.00
# Visual Studio 15
VisualStudioVersion = 15.0.26430.16
MinimumVisualStudioVersion = 10.0.40219.1
Project("{2150E333-8FDC-42A3-9474-1A3956D46DE8}") = "Solution Items", "Solution Items", "{942EBBAC-D261-4646-824E-31B9266FC6EC}"
	ProjectSection(SolutionItems) = preProject
		Analysers.ruleset = Analysers.ruleset
		AnalysersTests.ruleset = AnalysersTests.ruleset
	EndProjectSection
EndProject
Project("{FAE04EC0-301F-11D3-BF4B-00C04F79EFBC}") = "Objectivity.Bot.HtmlBuild", "Objectivity.Bot.HtmlBuilder\Objectivity.Bot.HtmlBuild.csproj", "{CAFC9E46-5248-4841-8108-5F47AF94186A}"
EndProject
Project("{FAE04EC0-301F-11D3-BF4B-00C04F79EFBC}") = "Objectivity.Bot.HtmlBuild.Tests", "Objectivity.Bot.HtmlBuilder.Tests\Objectivity.Bot.HtmlBuild.Tests.csproj", "{B202BF3C-D6AC-4297-B9C7-E5C235FE519B}"
EndProject
Global
	GlobalSection(SolutionConfigurationPlatforms) = preSolution
		Debug|Any CPU = Debug|Any CPU
		Release|Any CPU = Release|Any CPU
	EndGlobalSection
	GlobalSection(ProjectConfigurationPlatforms) = postSolution
		{CAFC9E46-5248-4841-8108-5F47AF94186A}.Debug|Any CPU.ActiveCfg = Debug|Any CPU
		{CAFC9E46-5248-4841-8108-5F47AF94186A}.Debug|Any CPU.Build.0 = Debug|Any CPU
		{CAFC9E46-5248-4841-8108-5F47AF94186A}.Release|Any CPU.ActiveCfg = Release|Any CPU
		{CAFC9E46-5248-4841-8108-5F47AF94186A}.Release|Any CPU.Build.0 = Release|Any CPU
		{B202BF3C-D6AC-4297-B9C7-E5C235FE519B}.Debug|Any CPU.ActiveCfg = Debug|Any CPU
		{B202BF3C-D6AC-4297-B9C7-E5C235FE519B}.Debug|Any CPU.Build.0 = Debug|Any CPU
		{B202BF3C-D6AC-4297-B9C7-E5C235FE519B}.Release|Any CPU.ActiveCfg = Release|Any CPU
		{B202BF3C-D6AC-4297-B9C7-E5C235FE519B}.Release|Any CPU.Build.0 = Release|Any CPU
	EndGlobalSection
	GlobalSection(SolutionProperties) = preSolution
		HideSolutionNode = FALSE
	EndGlobalSection
EndGlobal
